// !$*UTF8*$!
{
	archiveVersion = 1;
	classes = {
	};
	objectVersion = 46;
	objects = {

/* Begin PBXBuildFile section */
		3A1953271EE63B7D009FDE38 /* main.m in Sources */ = {isa = PBXBuildFile; fileRef = 3A1953261EE63B7D009FDE38 /* main.m */; };
		3A19532A1EE63B7D009FDE38 /* AppDelegate.m in Sources */ = {isa = PBXBuildFile; fileRef = 3A1953291EE63B7D009FDE38 /* AppDelegate.m */; };
		3A19532D1EE63B7D009FDE38 /* ViewController.m in Sources */ = {isa = PBXBuildFile; fileRef = 3A19532C1EE63B7D009FDE38 /* ViewController.m */; };
		3A1953301EE63B7D009FDE38 /* Main.storyboard in Resources */ = {isa = PBXBuildFile; fileRef = 3A19532E1EE63B7D009FDE38 /* Main.storyboard */; };
		3A1953331EE63B7D009FDE38 /* WZTWebView.xcdatamodeld in Sources */ = {isa = PBXBuildFile; fileRef = 3A1953311EE63B7D009FDE38 /* WZTWebView.xcdatamodeld */; };
		3A1953351EE63B7D009FDE38 /* Assets.xcassets in Resources */ = {isa = PBXBuildFile; fileRef = 3A1953341EE63B7D009FDE38 /* Assets.xcassets */; };
		3A1953381EE63B7D009FDE38 /* LaunchScreen.storyboard in Resources */ = {isa = PBXBuildFile; fileRef = 3A1953361EE63B7D009FDE38 /* LaunchScreen.storyboard */; };
		3A1953431EE63B7D009FDE38 /* WZTWebViewTests.m in Sources */ = {isa = PBXBuildFile; fileRef = 3A1953421EE63B7D009FDE38 /* WZTWebViewTests.m */; };
		3A19534E1EE63B7D009FDE38 /* WZTWebViewUITests.m in Sources */ = {isa = PBXBuildFile; fileRef = 3A19534D1EE63B7D009FDE38 /* WZTWebViewUITests.m */; };
		3A1953631EE63BBE009FDE38 /* NJKWebViewProgress.m in Sources */ = {isa = PBXBuildFile; fileRef = 3A19535F1EE63BBE009FDE38 /* NJKWebViewProgress.m */; };
		3A1953641EE63BBE009FDE38 /* WebviewPictureViewCtrl.m in Sources */ = {isa = PBXBuildFile; fileRef = 3A1953611EE63BBE009FDE38 /* WebviewPictureViewCtrl.m */; };
		3A1953671EE63C7E009FDE38 /* ZTWebView.m in Sources */ = {isa = PBXBuildFile; fileRef = 3A1953661EE63C7E009FDE38 /* ZTWebView.m */; };
		3A19536A1EE655D6009FDE38 /* BrowserViewCtrlBase.m in Sources */ = {isa = PBXBuildFile; fileRef = 3A1953691EE655D6009FDE38 /* BrowserViewCtrlBase.m */; };
		3A1953721EE67CDC009FDE38 /* icon-send@x.png in Resources */ = {isa = PBXBuildFile; fileRef = 3A19536C1EE67CDC009FDE38 /* icon-send@x.png */; };
		3A1953731EE67CDC009FDE38 /* icon-send@3x.png in Resources */ = {isa = PBXBuildFile; fileRef = 3A19536D1EE67CDC009FDE38 /* icon-send@3x.png */; };
		3A1953741EE67CDC009FDE38 /* icon-send@2x.png in Resources */ = {isa = PBXBuildFile; fileRef = 3A19536E1EE67CDC009FDE38 /* icon-send@2x.png */; };
		3A1953751EE67CDC009FDE38 /* icon-save-local@x.png in Resources */ = {isa = PBXBuildFile; fileRef = 3A19536F1EE67CDC009FDE38 /* icon-save-local@x.png */; };
		3A1953761EE67CDC009FDE38 /* icon-save-local@3x.png in Resources */ = {isa = PBXBuildFile; fileRef = 3A1953701EE67CDC009FDE38 /* icon-save-local@3x.png */; };
		3A1953771EE67CDC009FDE38 /* icon-save-local@2x.png in Resources */ = {isa = PBXBuildFile; fileRef = 3A1953711EE67CDC009FDE38 /* icon-save-local@2x.png */; };
		3FA6D6FA202EED880089CECF /* step2.png in Resources */ = {isa = PBXBuildFile; fileRef = 3FA6D6F5202EED870089CECF /* step2.png */; };
		3FA6D6FB202EED880089CECF /* step3.png in Resources */ = {isa = PBXBuildFile; fileRef = 3FA6D6F6202EED870089CECF /* step3.png */; };
		3FA6D6FC202EED880089CECF /* full.png in Resources */ = {isa = PBXBuildFile; fileRef = 3FA6D6F7202EED870089CECF /* full.png */; };
		3FA6D6FD202EED880089CECF /* step1.png in Resources */ = {isa = PBXBuildFile; fileRef = 3FA6D6F8202EED870089CECF /* step1.png */; };
		3FA6D6FE202EED880089CECF /* empty.png in Resources */ = {isa = PBXBuildFile; fileRef = 3FA6D6F9202EED880089CECF /* empty.png */; };
/* End PBXBuildFile section */

/* Begin PBXContainerItemProxy section */
		3A19533F1EE63B7D009FDE38 /* PBXContainerItemProxy */ = {
			isa = PBXContainerItemProxy;
			containerPortal = 3A19531A1EE63B7D009FDE38 /* Project object */;
			proxyType = 1;
			remoteGlobalIDString = 3A1953211EE63B7D009FDE38;
			remoteInfo = WZTWebView;
		};
		3A19534A1EE63B7D009FDE38 /* PBXContainerItemProxy */ = {
			isa = PBXContainerItemProxy;
			containerPortal = 3A19531A1EE63B7D009FDE38 /* Project object */;
			proxyType = 1;
			remoteGlobalIDString = 3A1953211EE63B7D009FDE38;
			remoteInfo = WZTWebView;
		};
/* End PBXContainerItemProxy section */

/* Begin PBXFileReference section */
		3A1953221EE63B7D009FDE38 /* WZTWebView.app */ = {isa = PBXFileReference; explicitFileType = wrapper.application; includeInIndex = 0; path = WZTWebView.app; sourceTree = BUILT_PRODUCTS_DIR; };
		3A1953261EE63B7D009FDE38 /* main.m */ = {isa = PBXFileReference; lastKnownFileType = sourcecode.c.objc; path = main.m; sourceTree = "<group>"; };
		3A1953281EE63B7D009FDE38 /* AppDelegate.h */ = {isa = PBXFileReference; lastKnownFileType = sourcecode.c.h; path = AppDelegate.h; sourceTree = "<group>"; };
		3A1953291EE63B7D009FDE38 /* AppDelegate.m */ = {isa = PBXFileReference; lastKnownFileType = sourcecode.c.objc; path = AppDelegate.m; sourceTree = "<group>"; };
		3A19532B1EE63B7D009FDE38 /* ViewController.h */ = {isa = PBXFileReference; lastKnownFileType = sourcecode.c.h; path = ViewController.h; sourceTree = "<group>"; };
		3A19532C1EE63B7D009FDE38 /* ViewController.m */ = {isa = PBXFileReference; lastKnownFileType = sourcecode.c.objc; path = ViewController.m; sourceTree = "<group>"; };
		3A19532F1EE63B7D009FDE38 /* Base */ = {isa = PBXFileReference; lastKnownFileType = file.storyboard; name = Base; path = Base.lproj/Main.storyboard; sourceTree = "<group>"; };
		3A1953321EE63B7D009FDE38 /* WZTWebView.xcdatamodel */ = {isa = PBXFileReference; lastKnownFileType = wrapper.xcdatamodel; path = WZTWebView.xcdatamodel; sourceTree = "<group>"; };
		3A1953341EE63B7D009FDE38 /* Assets.xcassets */ = {isa = PBXFileReference; lastKnownFileType = folder.assetcatalog; path = Assets.xcassets; sourceTree = "<group>"; };
		3A1953371EE63B7D009FDE38 /* Base */ = {isa = PBXFileReference; lastKnownFileType = file.storyboard; name = Base; path = Base.lproj/LaunchScreen.storyboard; sourceTree = "<group>"; };
		3A1953391EE63B7D009FDE38 /* Info.plist */ = {isa = PBXFileReference; lastKnownFileType = text.plist.xml; path = Info.plist; sourceTree = "<group>"; };
		3A19533E1EE63B7D009FDE38 /* WZTWebViewTests.xctest */ = {isa = PBXFileReference; explicitFileType = wrapper.cfbundle; includeInIndex = 0; path = WZTWebViewTests.xctest; sourceTree = BUILT_PRODUCTS_DIR; };
		3A1953421EE63B7D009FDE38 /* WZTWebViewTests.m */ = {isa = PBXFileReference; lastKnownFileType = sourcecode.c.objc; path = WZTWebViewTests.m; sourceTree = "<group>"; };
		3A1953441EE63B7D009FDE38 /* Info.plist */ = {isa = PBXFileReference; lastKnownFileType = text.plist.xml; path = Info.plist; sourceTree = "<group>"; };
		3A1953491EE63B7D009FDE38 /* WZTWebViewUITests.xctest */ = {isa = PBXFileReference; explicitFileType = wrapper.cfbundle; includeInIndex = 0; path = WZTWebViewUITests.xctest; sourceTree = BUILT_PRODUCTS_DIR; };
		3A19534D1EE63B7D009FDE38 /* WZTWebViewUITests.m */ = {isa = PBXFileReference; lastKnownFileType = sourcecode.c.objc; path = WZTWebViewUITests.m; sourceTree = "<group>"; };
		3A19534F1EE63B7D009FDE38 /* Info.plist */ = {isa = PBXFileReference; lastKnownFileType = text.plist.xml; path = Info.plist; sourceTree = "<group>"; };
		3A19535E1EE63BBE009FDE38 /* NJKWebViewProgress.h */ = {isa = PBXFileReference; fileEncoding = 4; lastKnownFileType = sourcecode.c.h; name = NJKWebViewProgress.h; path = WebView/NJKWebViewProgress.h; sourceTree = "<group>"; };
		3A19535F1EE63BBE009FDE38 /* NJKWebViewProgress.m */ = {isa = PBXFileReference; fileEncoding = 4; lastKnownFileType = sourcecode.c.objc; name = NJKWebViewProgress.m; path = WebView/NJKWebViewProgress.m; sourceTree = "<group>"; };
		3A1953601EE63BBE009FDE38 /* WebviewPictureViewCtrl.h */ = {isa = PBXFileReference; fileEncoding = 4; lastKnownFileType = sourcecode.c.h; name = WebviewPictureViewCtrl.h; path = WebView/WebviewPictureViewCtrl.h; sourceTree = "<group>"; };
		3A1953611EE63BBE009FDE38 /* WebviewPictureViewCtrl.m */ = {isa = PBXFileReference; fileEncoding = 4; lastKnownFileType = sourcecode.c.objc; name = WebviewPictureViewCtrl.m; path = WebView/WebviewPictureViewCtrl.m; sourceTree = "<group>"; };
		3A1953651EE63C7E009FDE38 /* ZTWebView.h */ = {isa = PBXFileReference; fileEncoding = 4; lastKnownFileType = sourcecode.c.h; name = ZTWebView.h; path = WebView/ZTWebView.h; sourceTree = "<group>"; };
		3A1953661EE63C7E009FDE38 /* ZTWebView.m */ = {isa = PBXFileReference; fileEncoding = 4; lastKnownFileType = sourcecode.c.objc; name = ZTWebView.m; path = WebView/ZTWebView.m; sourceTree = "<group>"; };
		3A1953681EE655D6009FDE38 /* BrowserViewCtrlBase.h */ = {isa = PBXFileReference; fileEncoding = 4; lastKnownFileType = sourcecode.c.h; name = BrowserViewCtrlBase.h; path = WebView/BrowserViewCtrlBase.h; sourceTree = "<group>"; };
		3A1953691EE655D6009FDE38 /* BrowserViewCtrlBase.m */ = {isa = PBXFileReference; fileEncoding = 4; lastKnownFileType = sourcecode.c.objc; name = BrowserViewCtrlBase.m; path = WebView/BrowserViewCtrlBase.m; sourceTree = "<group>"; };
		3A19536C1EE67CDC009FDE38 /* icon-send@x.png */ = {isa = PBXFileReference; lastKnownFileType = image.png; name = "icon-send@x.png"; path = "Icon/icon-send@x.png"; sourceTree = "<group>"; };
		3A19536D1EE67CDC009FDE38 /* icon-send@3x.png */ = {isa = PBXFileReference; lastKnownFileType = image.png; name = "icon-send@3x.png"; path = "Icon/icon-send@3x.png"; sourceTree = "<group>"; };
		3A19536E1EE67CDC009FDE38 /* icon-send@2x.png */ = {isa = PBXFileReference; lastKnownFileType = image.png; name = "icon-send@2x.png"; path = "Icon/icon-send@2x.png"; sourceTree = "<group>"; };
		3A19536F1EE67CDC009FDE38 /* icon-save-local@x.png */ = {isa = PBXFileReference; lastKnownFileType = image.png; name = "icon-save-local@x.png"; path = "Icon/icon-save-local@x.png"; sourceTree = "<group>"; };
		3A1953701EE67CDC009FDE38 /* icon-save-local@3x.png */ = {isa = PBXFileReference; lastKnownFileType = image.png; name = "icon-save-local@3x.png"; path = "Icon/icon-save-local@3x.png"; sourceTree = "<group>"; };
		3A1953711EE67CDC009FDE38 /* icon-save-local@2x.png */ = {isa = PBXFileReference; lastKnownFileType = image.png; name = "icon-save-local@2x.png"; path = "Icon/icon-save-local@2x.png"; sourceTree = "<group>"; };
		3FA6D6F5202EED870089CECF /* step2.png */ = {isa = PBXFileReference; lastKnownFileType = image.png; name = step2.png; path = Icon/step2.png; sourceTree = "<group>"; };
		3FA6D6F6202EED870089CECF /* step3.png */ = {isa = PBXFileReference; lastKnownFileType = image.png; name = step3.png; path = Icon/step3.png; sourceTree = "<group>"; };
		3FA6D6F7202EED870089CECF /* full.png */ = {isa = PBXFileReference; lastKnownFileType = image.png; name = full.png; path = Icon/full.png; sourceTree = "<group>"; };
		3FA6D6F8202EED870089CECF /* step1.png */ = {isa = PBXFileReference; lastKnownFileType = image.png; name = step1.png; path = Icon/step1.png; sourceTree = "<group>"; };
		3FA6D6F9202EED880089CECF /* empty.png */ = {isa = PBXFileReference; lastKnownFileType = image.png; name = empty.png; path = Icon/empty.png; sourceTree = "<group>"; };
/* End PBXFileReference section */

/* Begin PBXFrameworksBuildPhase section */
		3A19531F1EE63B7D009FDE38 /* Frameworks */ = {
			isa = PBXFrameworksBuildPhase;
			buildActionMask = 2147483647;
			files = (
			);
			runOnlyForDeploymentPostprocessing = 0;
		};
		3A19533B1EE63B7D009FDE38 /* Frameworks */ = {
			isa = PBXFrameworksBuildPhase;
			buildActionMask = 2147483647;
			files = (
			);
			runOnlyForDeploymentPostprocessing = 0;
		};
		3A1953461EE63B7D009FDE38 /* Frameworks */ = {
			isa = PBXFrameworksBuildPhase;
			buildActionMask = 2147483647;
			files = (
			);
			runOnlyForDeploymentPostprocessing = 0;
		};
/* End PBXFrameworksBuildPhase section */

/* Begin PBXGroup section */
		3A1953191EE63B7D009FDE38 = {
			isa = PBXGroup;
			children = (
				3A1953241EE63B7D009FDE38 /* WZTWebView */,
				3A1953411EE63B7D009FDE38 /* WZTWebViewTests */,
				3A19534C1EE63B7D009FDE38 /* WZTWebViewUITests */,
				3A1953231EE63B7D009FDE38 /* Products */,
			);
			sourceTree = "<group>";
		};
		3A1953231EE63B7D009FDE38 /* Products */ = {
			isa = PBXGroup;
			children = (
				3A1953221EE63B7D009FDE38 /* WZTWebView.app */,
				3A19533E1EE63B7D009FDE38 /* WZTWebViewTests.xctest */,
				3A1953491EE63B7D009FDE38 /* WZTWebViewUITests.xctest */,
			);
			name = Products;
			sourceTree = "<group>";
		};
		3A1953241EE63B7D009FDE38 /* WZTWebView */ = {
			isa = PBXGroup;
			children = (
				3A19536B1EE67CA3009FDE38 /* Icon */,
				3A19535B1EE63B98009FDE38 /* WebView */,
				3A1953281EE63B7D009FDE38 /* AppDelegate.h */,
				3A1953291EE63B7D009FDE38 /* AppDelegate.m */,
				3A19532B1EE63B7D009FDE38 /* ViewController.h */,
				3A19532C1EE63B7D009FDE38 /* ViewController.m */,
				3A19532E1EE63B7D009FDE38 /* Main.storyboard */,
				3A1953341EE63B7D009FDE38 /* Assets.xcassets */,
				3A1953361EE63B7D009FDE38 /* LaunchScreen.storyboard */,
				3A1953391EE63B7D009FDE38 /* Info.plist */,
				3A1953311EE63B7D009FDE38 /* WZTWebView.xcdatamodeld */,
				3A1953251EE63B7D009FDE38 /* Supporting Files */,
			);
			path = WZTWebView;
			sourceTree = "<group>";
		};
		3A1953251EE63B7D009FDE38 /* Supporting Files */ = {
			isa = PBXGroup;
			children = (
				3A1953261EE63B7D009FDE38 /* main.m */,
			);
			name = "Supporting Files";
			sourceTree = "<group>";
		};
		3A1953411EE63B7D009FDE38 /* WZTWebViewTests */ = {
			isa = PBXGroup;
			children = (
				3A1953421EE63B7D009FDE38 /* WZTWebViewTests.m */,
				3A1953441EE63B7D009FDE38 /* Info.plist */,
			);
			path = WZTWebViewTests;
			sourceTree = "<group>";
		};
		3A19534C1EE63B7D009FDE38 /* WZTWebViewUITests */ = {
			isa = PBXGroup;
			children = (
				3A19534D1EE63B7D009FDE38 /* WZTWebViewUITests.m */,
				3A19534F1EE63B7D009FDE38 /* Info.plist */,
			);
			path = WZTWebViewUITests;
			sourceTree = "<group>";
		};
		3A19535B1EE63B98009FDE38 /* WebView */ = {
			isa = PBXGroup;
			children = (
				3A1953651EE63C7E009FDE38 /* ZTWebView.h */,
				3A1953661EE63C7E009FDE38 /* ZTWebView.m */,
				3A19535E1EE63BBE009FDE38 /* NJKWebViewProgress.h */,
				3A19535F1EE63BBE009FDE38 /* NJKWebViewProgress.m */,
				3A1953601EE63BBE009FDE38 /* WebviewPictureViewCtrl.h */,
				3A1953611EE63BBE009FDE38 /* WebviewPictureViewCtrl.m */,
				3A1953681EE655D6009FDE38 /* BrowserViewCtrlBase.h */,
				3A1953691EE655D6009FDE38 /* BrowserViewCtrlBase.m */,
			);
			name = WebView;
			sourceTree = "<group>";
		};
		3A19536B1EE67CA3009FDE38 /* Icon */ = {
			isa = PBXGroup;
			children = (
				3A19536C1EE67CDC009FDE38 /* icon-send@x.png */,
				3A19536D1EE67CDC009FDE38 /* icon-send@3x.png */,
				3A19536E1EE67CDC009FDE38 /* icon-send@2x.png */,
				3A19536F1EE67CDC009FDE38 /* icon-save-local@x.png */,
				3A1953701EE67CDC009FDE38 /* icon-save-local@3x.png */,
				3A1953711EE67CDC009FDE38 /* icon-save-local@2x.png */,
				3FA6D6F9202EED880089CECF /* empty.png */,
				3FA6D6F7202EED870089CECF /* full.png */,
				3FA6D6F8202EED870089CECF /* step1.png */,
				3FA6D6F5202EED870089CECF /* step2.png */,
				3FA6D6F6202EED870089CECF /* step3.png */,
			);
			name = Icon;
			sourceTree = "<group>";
		};
/* End PBXGroup section */

/* Begin PBXNativeTarget section */
		3A1953211EE63B7D009FDE38 /* WZTWebView */ = {
			isa = PBXNativeTarget;
			buildConfigurationList = 3A1953521EE63B7D009FDE38 /* Build configuration list for PBXNativeTarget "WZTWebView" */;
			buildPhases = (
				3A19531E1EE63B7D009FDE38 /* Sources */,
				3A19531F1EE63B7D009FDE38 /* Frameworks */,
				3A1953201EE63B7D009FDE38 /* Resources */,
			);
			buildRules = (
			);
			dependencies = (
			);
			name = WZTWebView;
			productName = WZTWebView;
			productReference = 3A1953221EE63B7D009FDE38 /* WZTWebView.app */;
			productType = "com.apple.product-type.application";
		};
		3A19533D1EE63B7D009FDE38 /* WZTWebViewTests */ = {
			isa = PBXNativeTarget;
			buildConfigurationList = 3A1953551EE63B7D009FDE38 /* Build configuration list for PBXNativeTarget "WZTWebViewTests" */;
			buildPhases = (
				3A19533A1EE63B7D009FDE38 /* Sources */,
				3A19533B1EE63B7D009FDE38 /* Frameworks */,
				3A19533C1EE63B7D009FDE38 /* Resources */,
			);
			buildRules = (
			);
			dependencies = (
				3A1953401EE63B7D009FDE38 /* PBXTargetDependency */,
			);
			name = WZTWebViewTests;
			productName = WZTWebViewTests;
			productReference = 3A19533E1EE63B7D009FDE38 /* WZTWebViewTests.xctest */;
			productType = "com.apple.product-type.bundle.unit-test";
		};
		3A1953481EE63B7D009FDE38 /* WZTWebViewUITests */ = {
			isa = PBXNativeTarget;
			buildConfigurationList = 3A1953581EE63B7D009FDE38 /* Build configuration list for PBXNativeTarget "WZTWebViewUITests" */;
			buildPhases = (
				3A1953451EE63B7D009FDE38 /* Sources */,
				3A1953461EE63B7D009FDE38 /* Frameworks */,
				3A1953471EE63B7D009FDE38 /* Resources */,
			);
			buildRules = (
			);
			dependencies = (
				3A19534B1EE63B7D009FDE38 /* PBXTargetDependency */,
			);
			name = WZTWebViewUITests;
			productName = WZTWebViewUITests;
			productReference = 3A1953491EE63B7D009FDE38 /* WZTWebViewUITests.xctest */;
			productType = "com.apple.product-type.bundle.ui-testing";
		};
/* End PBXNativeTarget section */

/* Begin PBXProject section */
		3A19531A1EE63B7D009FDE38 /* Project object */ = {
			isa = PBXProject;
			attributes = {
				LastUpgradeCheck = 0910;
				ORGANIZATIONNAME = beck.wang;
				TargetAttributes = {
					3A1953211EE63B7D009FDE38 = {
						CreatedOnToolsVersion = 8.2.1;
						ProvisioningStyle = Automatic;
					};
					3A19533D1EE63B7D009FDE38 = {
						CreatedOnToolsVersion = 8.2.1;
						ProvisioningStyle = Automatic;
						TestTargetID = 3A1953211EE63B7D009FDE38;
					};
					3A1953481EE63B7D009FDE38 = {
						CreatedOnToolsVersion = 8.2.1;
						ProvisioningStyle = Automatic;
						TestTargetID = 3A1953211EE63B7D009FDE38;
					};
				};
			};
			buildConfigurationList = 3A19531D1EE63B7D009FDE38 /* Build configuration list for PBXProject "WZTWebView" */;
			compatibilityVersion = "Xcode 3.2";
			developmentRegion = English;
			hasScannedForEncodings = 0;
			knownRegions = (
				en,
				Base,
			);
			mainGroup = 3A1953191EE63B7D009FDE38;
			productRefGroup = 3A1953231EE63B7D009FDE38 /* Products */;
			projectDirPath = "";
			projectRoot = "";
			targets = (
				3A1953211EE63B7D009FDE38 /* WZTWebView */,
				3A19533D1EE63B7D009FDE38 /* WZTWebViewTests */,
				3A1953481EE63B7D009FDE38 /* WZTWebViewUITests */,
			);
		};
/* End PBXProject section */

/* Begin PBXResourcesBuildPhase section */
		3A1953201EE63B7D009FDE38 /* Resources */ = {
			isa = PBXResourcesBuildPhase;
			buildActionMask = 2147483647;
			files = (
				3A1953381EE63B7D009FDE38 /* LaunchScreen.storyboard in Resources */,
				3A1953761EE67CDC009FDE38 /* icon-save-local@3x.png in Resources */,
				3FA6D6FC202EED880089CECF /* full.png in Resources */,
				3A1953731EE67CDC009FDE38 /* icon-send@3x.png in Resources */,
				3A1953351EE63B7D009FDE38 /* Assets.xcassets in Resources */,
				3FA6D6FA202EED880089CECF /* step2.png in Resources */,
				3A1953721EE67CDC009FDE38 /* icon-send@x.png in Resources */,
				3FA6D6FB202EED880089CECF /* step3.png in Resources */,
				3A1953751EE67CDC009FDE38 /* icon-save-local@x.png in Resources */,
				3A1953771EE67CDC009FDE38 /* icon-save-local@2x.png in Resources */,
				3A1953301EE63B7D009FDE38 /* Main.storyboard in Resources */,
				3FA6D6FE202EED880089CECF /* empty.png in Resources */,
				3FA6D6FD202EED880089CECF /* step1.png in Resources */,
				3A1953741EE67CDC009FDE38 /* icon-send@2x.png in Resources */,
			);
			runOnlyForDeploymentPostprocessing = 0;
		};
		3A19533C1EE63B7D009FDE38 /* Resources */ = {
			isa = PBXResourcesBuildPhase;
			buildActionMask = 2147483647;
			files = (
			);
			runOnlyForDeploymentPostprocessing = 0;
		};
		3A1953471EE63B7D009FDE38 /* Resources */ = {
			isa = PBXResourcesBuildPhase;
			buildActionMask = 2147483647;
			files = (
			);
			runOnlyForDeploymentPostprocessing = 0;
		};
/* End PBXResourcesBuildPhase section */

/* Begin PBXSourcesBuildPhase section */
		3A19531E1EE63B7D009FDE38 /* Sources */ = {
			isa = PBXSourcesBuildPhase;
			buildActionMask = 2147483647;
			files = (
				3A19532D1EE63B7D009FDE38 /* ViewController.m in Sources */,
				3A1953331EE63B7D009FDE38 /* WZTWebView.xcdatamodeld in Sources */,
				3A19532A1EE63B7D009FDE38 /* AppDelegate.m in Sources */,
				3A1953631EE63BBE009FDE38 /* NJKWebViewProgress.m in Sources */,
				3A1953641EE63BBE009FDE38 /* WebviewPictureViewCtrl.m in Sources */,
				3A1953271EE63B7D009FDE38 /* main.m in Sources */,
				3A1953671EE63C7E009FDE38 /* ZTWebView.m in Sources */,
				3A19536A1EE655D6009FDE38 /* BrowserViewCtrlBase.m in Sources */,
			);
			runOnlyForDeploymentPostprocessing = 0;
		};
		3A19533A1EE63B7D009FDE38 /* Sources */ = {
			isa = PBXSourcesBuildPhase;
			buildActionMask = 2147483647;
			files = (
				3A1953431EE63B7D009FDE38 /* WZTWebViewTests.m in Sources */,
			);
			runOnlyForDeploymentPostprocessing = 0;
		};
		3A1953451EE63B7D009FDE38 /* Sources */ = {
			isa = PBXSourcesBuildPhase;
			buildActionMask = 2147483647;
			files = (
				3A19534E1EE63B7D009FDE38 /* WZTWebViewUITests.m in Sources */,
			);
			runOnlyForDeploymentPostprocessing = 0;
		};
/* End PBXSourcesBuildPhase section */

/* Begin PBXTargetDependency section */
		3A1953401EE63B7D009FDE38 /* PBXTargetDependency */ = {
			isa = PBXTargetDependency;
			target = 3A1953211EE63B7D009FDE38 /* WZTWebView */;
			targetProxy = 3A19533F1EE63B7D009FDE38 /* PBXContainerItemProxy */;
		};
		3A19534B1EE63B7D009FDE38 /* PBXTargetDependency */ = {
			isa = PBXTargetDependency;
			target = 3A1953211EE63B7D009FDE38 /* WZTWebView */;
			targetProxy = 3A19534A1EE63B7D009FDE38 /* PBXContainerItemProxy */;
		};
/* End PBXTargetDependency section */

/* Begin PBXVariantGroup section */
		3A19532E1EE63B7D009FDE38 /* Main.storyboard */ = {
			isa = PBXVariantGroup;
			children = (
				3A19532F1EE63B7D009FDE38 /* Base */,
			);
			name = Main.storyboard;
			sourceTree = "<group>";
		};
		3A1953361EE63B7D009FDE38 /* LaunchScreen.storyboard */ = {
			isa = PBXVariantGroup;
			children = (
				3A1953371EE63B7D009FDE38 /* Base */,
			);
			name = LaunchScreen.storyboard;
			sourceTree = "<group>";
		};
/* End PBXVariantGroup section */

/* Begin XCBuildConfiguration section */
		3A1953501EE63B7D009FDE38 /* Debug */ = {
			isa = XCBuildConfiguration;
			buildSettings = {
				ALWAYS_SEARCH_USER_PATHS = NO;
				CLANG_ANALYZER_NONNULL = YES;
				CLANG_CXX_LANGUAGE_STANDARD = "gnu++0x";
				CLANG_CXX_LIBRARY = "libc++";
				CLANG_ENABLE_MODULES = YES;
				CLANG_ENABLE_OBJC_ARC = YES;
				CLANG_WARN_BLOCK_CAPTURE_AUTORELEASING = YES;
				CLANG_WARN_BOOL_CONVERSION = YES;
				CLANG_WARN_COMMA = YES;
				CLANG_WARN_CONSTANT_CONVERSION = YES;
				CLANG_WARN_DIRECT_OBJC_ISA_USAGE = YES_ERROR;
				CLANG_WARN_DOCUMENTATION_COMMENTS = YES;
				CLANG_WARN_EMPTY_BODY = YES;
				CLANG_WARN_ENUM_CONVERSION = YES;
				CLANG_WARN_INFINITE_RECURSION = YES;
				CLANG_WARN_INT_CONVERSION = YES;
				CLANG_WARN_NON_LITERAL_NULL_CONVERSION = YES;
				CLANG_WARN_OBJC_LITERAL_CONVERSION = YES;
				CLANG_WARN_OBJC_ROOT_CLASS = YES_ERROR;
				CLANG_WARN_RANGE_LOOP_ANALYSIS = YES;
				CLANG_WARN_STRICT_PROTOTYPES = YES;
				CLANG_WARN_SUSPICIOUS_MOVE = YES;
				CLANG_WARN_UNREACHABLE_CODE = YES;
				CLANG_WARN__DUPLICATE_METHOD_MATCH = YES;
				"CODE_SIGN_IDENTITY[sdk=iphoneos*]" = "iPhone Developer";
				COPY_PHASE_STRIP = NO;
				DEBUG_INFORMATION_FORMAT = dwarf;
				ENABLE_STRICT_OBJC_MSGSEND = YES;
				ENABLE_TESTABILITY = YES;
				GCC_C_LANGUAGE_STANDARD = gnu99;
				GCC_DYNAMIC_NO_PIC = NO;
				GCC_NO_COMMON_BLOCKS = YES;
				GCC_OPTIMIZATION_LEVEL = 0;
				GCC_PREPROCESSOR_DEFINITIONS = (
					"DEBUG=1",
					"$(inherited)",
				);
				GCC_WARN_64_TO_32_BIT_CONVERSION = YES;
				GCC_WARN_ABOUT_RETURN_TYPE = YES_ERROR;
				GCC_WARN_UNDECLARED_SELECTOR = YES;
				GCC_WARN_UNINITIALIZED_AUTOS = YES_AGGRESSIVE;
				GCC_WARN_UNUSED_FUNCTION = YES;
				GCC_WARN_UNUSED_VARIABLE = YES;
				IPHONEOS_DEPLOYMENT_TARGET = 10.2;
				MTL_ENABLE_DEBUG_INFO = YES;
				ONLY_ACTIVE_ARCH = YES;
				SDKROOT = iphoneos;
			};
			name = Debug;
		};
		3A1953511EE63B7D009FDE38 /* Release */ = {
			isa = XCBuildConfiguration;
			buildSettings = {
				ALWAYS_SEARCH_USER_PATHS = NO;
				CLANG_ANALYZER_NONNULL = YES;
				CLANG_CXX_LANGUAGE_STANDARD = "gnu++0x";
				CLANG_CXX_LIBRARY = "libc++";
				CLANG_ENABLE_MODULES = YES;
				CLANG_ENABLE_OBJC_ARC = YES;
				CLANG_WARN_BLOCK_CAPTURE_AUTORELEASING = YES;
				CLANG_WARN_BOOL_CONVERSION = YES;
				CLANG_WARN_COMMA = YES;
				CLANG_WARN_CONSTANT_CONVERSION = YES;
				CLANG_WARN_DIRECT_OBJC_ISA_USAGE = YES_ERROR;
				CLANG_WARN_DOCUMENTATION_COMMENTS = YES;
				CLANG_WARN_EMPTY_BODY = YES;
				CLANG_WARN_ENUM_CONVERSION = YES;
				CLANG_WARN_INFINITE_RECURSION = YES;
				CLANG_WARN_INT_CONVERSION = YES;
				CLANG_WARN_NON_LITERAL_NULL_CONVERSION = YES;
				CLANG_WARN_OBJC_LITERAL_CONVERSION = YES;
				CLANG_WARN_OBJC_ROOT_CLASS = YES_ERROR;
				CLANG_WARN_RANGE_LOOP_ANALYSIS = YES;
				CLANG_WARN_STRICT_PROTOTYPES = YES;
				CLANG_WARN_SUSPICIOUS_MOVE = YES;
				CLANG_WARN_UNREACHABLE_CODE = YES;
				CLANG_WARN__DUPLICATE_METHOD_MATCH = YES;
				"CODE_SIGN_IDENTITY[sdk=iphoneos*]" = "iPhone Developer";
				COPY_PHASE_STRIP = NO;
				DEBUG_INFORMATION_FORMAT = "dwarf-with-dsym";
				ENABLE_NS_ASSERTIONS = NO;
				ENABLE_STRICT_OBJC_MSGSEND = YES;
				GCC_C_LANGUAGE_STANDARD = gnu99;
				GCC_NO_COMMON_BLOCKS = YES;
				GCC_WARN_64_TO_32_BIT_CONVERSION = YES;
				GCC_WARN_ABOUT_RETURN_TYPE = YES_ERROR;
				GCC_WARN_UNDECLARED_SELECTOR = YES;
				GCC_WARN_UNINITIALIZED_AUTOS = YES_AGGRESSIVE;
				GCC_WARN_UNUSED_FUNCTION = YES;
				GCC_WARN_UNUSED_VARIABLE = YES;
				IPHONEOS_DEPLOYMENT_TARGET = 10.2;
				MTL_ENABLE_DEBUG_INFO = NO;
				SDKROOT = iphoneos;
				VALIDATE_PRODUCT = YES;
			};
			name = Release;
		};
		3A1953531EE63B7D009FDE38 /* Debug */ = {
			isa = XCBuildConfiguration;
			buildSettings = {
				ASSETCATALOG_COMPILER_APPICON_NAME = AppIcon;
				INFOPLIST_FILE = WZTWebView/Info.plist;
				IPHONEOS_DEPLOYMENT_TARGET = 8.0;
				LD_RUNPATH_SEARCH_PATHS = "$(inherited) @executable_path/Frameworks";
				PRODUCT_BUNDLE_IDENTIFIER = com.ztwang.WZTWebView;
				PRODUCT_NAME = "$(TARGET_NAME)";
			};
			name = Debug;
		};
		3A1953541EE63B7D009FDE38 /* Release */ = {
			isa = XCBuildConfiguration;
			buildSettings = {
				ASSETCATALOG_COMPILER_APPICON_NAME = AppIcon;
				INFOPLIST_FILE = WZTWebView/Info.plist;
				IPHONEOS_DEPLOYMENT_TARGET = 8.0;
				LD_RUNPATH_SEARCH_PATHS = "$(inherited) @executable_path/Frameworks";
				PRODUCT_BUNDLE_IDENTIFIER = com.ztwang.WZTWebView;
				PRODUCT_NAME = "$(TARGET_NAME)";
			};
			name = Release;
		};
		3A1953561EE63B7D009FDE38 /* Debug */ = {
			isa = XCBuildConfiguration;
			buildSettings = {
				BUNDLE_LOADER = "$(TEST_HOST)";
				INFOPLIST_FILE = WZTWebViewTests/Info.plist;
				LD_RUNPATH_SEARCH_PATHS = "$(inherited) @executable_path/Frameworks @loader_path/Frameworks";
				PRODUCT_BUNDLE_IDENTIFIER = com.ztwang.WZTWebViewTests;
				PRODUCT_NAME = "$(TARGET_NAME)";
				TEST_HOST = "$(BUILT_PRODUCTS_DIR)/WZTWebView.app/WZTWebView";
			};
			name = Debug;
		};
		3A1953571EE63B7D009FDE38 /* Release */ = {
			isa = XCBuildConfiguration;
			buildSettings = {
				BUNDLE_LOADER = "$(TEST_HOST)";
				INFOPLIST_FILE = WZTWebViewTests/Info.plist;
				LD_RUNPATH_SEARCH_PATHS = "$(inherited) @executable_path/Frameworks @loader_path/Frameworks";
				PRODUCT_BUNDLE_IDENTIFIER = com.ztwang.WZTWebViewTests;
				PRODUCT_NAME = "$(TARGET_NAME)";
				TEST_HOST = "$(BUILT_PRODUCTS_DIR)/WZTWebView.app/WZTWebView";
			};
			name = Release;
		};
		3A1953591EE63B7D009FDE38 /* Debug */ = {
			isa = XCBuildConfiguration;
			buildSettings = {
				INFOPLIST_FILE = WZTWebViewUITests/Info.plist;
				LD_RUNPATH_SEARCH_PATHS = "$(inherited) @executable_path/Frameworks @loader_path/Frameworks";
				PRODUCT_BUNDLE_IDENTIFIER = com.ztwang.WZTWebViewUITests;
				PRODUCT_NAME = "$(TARGET_NAME)";
				TEST_TARGET_NAME = WZTWebView;
			};
			name = Debug;
		};
		3A19535A1EE63B7D009FDE38 /* Release */ = {
			isa = XCBuildConfiguration;
			buildSettings = {
				INFOPLIST_FILE = WZTWebViewUITests/Info.plist;
				LD_RUNPATH_SEARCH_PATHS = "$(inherited) @executable_path/Frameworks @loader_path/Frameworks";
				PRODUCT_BUNDLE_IDENTIFIER = com.ztwang.WZTWebViewUITests;
				PRODUCT_NAME = "$(TARGET_NAME)";
				TEST_TARGET_NAME = WZTWebView;
			};
			name = Release;
		};
/* End XCBuildConfiguration section */

/* Begin XCConfigurationList section */
		3A19531D1EE63B7D009FDE38 /* Build configuration list for PBXProject "WZTWebView" */ = {
			isa = XCConfigurationList;
			buildConfigurations = (
				3A1953501EE63B7D009FDE38 /* Debug */,
				3A1953511EE63B7D009FDE38 /* Release */,
			);
			defaultConfigurationIsVisible = 0;
			defaultConfigurationName = Release;
		};
		3A1953521EE63B7D009FDE38 /* Build configuration list for PBXNativeTarget "WZTWebView" */ = {
			isa = XCConfigurationList;
			buildConfigurations = (
				3A1953531EE63B7D009FDE38 /* Debug */,
				3A1953541EE63B7D009FDE38 /* Release */,
			);
			defaultConfigurationIsVisible = 0;
			defaultConfigurationName = Release;
		};
		3A1953551EE63B7D009FDE38 /* Build configuration list for PBXNativeTarget "WZTWebViewTests" */ = {
			isa = XCConfigurationList;
			buildConfigurations = (
				3A1953561EE63B7D009FDE38 /* Debug */,
				3A1953571EE63B7D009FDE38 /* Release */,
			);
			defaultConfigurationIsVisible = 0;
			defaultConfigurationName = Release;
		};
		3A1953581EE63B7D009FDE38 /* Build configuration list for PBXNativeTarget "WZTWebViewUITests" */ = {
			isa = XCConfigurationList;
			buildConfigurations = (
				3A1953591EE63B7D009FDE38 /* Debug */,
				3A19535A1EE63B7D009FDE38 /* Release */,
			);
			defaultConfigurationIsVisible = 0;
			defaultConfigurationName = Release;
		};
/* End XCConfigurationList section */

/* Begin XCVersionGroup section */
		3A1953311EE63B7D009FDE38 /* WZTWebView.xcdatamodeld */ = {
			isa = XCVersionGroup;
			children = (
				3A1953321EE63B7D009FDE38 /* WZTWebView.xcdatamodel */,
			);
			currentVersion = 3A1953321EE63B7D009FDE38 /* WZTWebView.xcdatamodel */;
			path = WZTWebView.xcdatamodeld;
			sourceTree = "<group>";
			versionGroupType = wrapper.xcdatamodel;
		};
/* End XCVersionGroup section */
	};
	rootObject = 3A19531A1EE63B7D009FDE38 /* Project object */;
}
